
Microsoft Visual Studio Solution File, Format Version 12.00
# Visual Studio Version 16
VisualStudioVersion = 16.0.29806.167
MinimumVisualStudioVersion = 10.0.40219.1
Project("{FAE04EC0-301F-11D3-BF4B-00C04F79EFBC}") = "KomodoCafe", "KomodoCafe\KomodoCafe.csproj", "{0C784928-2FBB-4427-ACD9-0D49EDAD7B5A}"
EndProject
Project("{2150E333-8FDC-42A3-9474-1A3956D46DE8}") = "KCafe", "KCafe", "{CFBD8586-52E9-4A87-B215-F33D4FACFDDD}"
EndProject
Project("{FAE04EC0-301F-11D3-BF4B-00C04F79EFBC}") = "KCafe Unit Tests", "KCafe Unit Tests\KCafe Unit Tests.csproj", "{B25CDD75-928A-4964-9661-F5FC3D5EB416}"
EndProject
Project("{FAE04EC0-301F-11D3-BF4B-00C04F79EFBC}") = "KCafe Console", "KCafe Console\KCafe Console.csproj", "{7349479F-CEE9-4805-8FF5-6EE2FB26E205}"
EndProject
Project("{2150E333-8FDC-42A3-9474-1A3956D46DE8}") = "KBadges", "KBadges", "{BF96AF71-17F2-48D9-AE76-9F724A4F6A6C}"
EndProject
Project("{FAE04EC0-301F-11D3-BF4B-00C04F79EFBC}") = "KBadge_Tests", "KBadge_Tests\KBadge_Tests.csproj", "{9011F0C5-4952-45F6-8822-8AD25D6C8909}"
EndProject
Project("{FAE04EC0-301F-11D3-BF4B-00C04F79EFBC}") = "KBadge_Console", "KBadge_Console\KBadge_Console.csproj", "{A5529EC4-0671-42EF-86FC-FB149903C9CD}"
EndProject
Project("{FAE04EC0-301F-11D3-BF4B-00C04F79EFBC}") = "KBadges_Repository", "KBadges_Repository\KBadges_Repository.csproj", "{B1690E9F-A452-44EF-AA0F-CA19CE0D6324}"
EndProject
Project("{2150E333-8FDC-42A3-9474-1A3956D46DE8}") = "KomodoClaims", "KomodoClaims", "{F15E9388-E8B8-4CD4-A969-221E50DA7C0D}"
EndProject
Project("{FAE04EC0-301F-11D3-BF4B-00C04F79EFBC}") = "KomodoClaim_Repository", "KomodoClaim_Repository\KomodoClaim_Repository.csproj", "{EA1D8EA8-2C04-48C0-A337-3CCB519F601D}"
EndProject
Project("{FAE04EC0-301F-11D3-BF4B-00C04F79EFBC}") = "KomodoClaim_Console", "KomodoClaim_Console\KomodoClaim_Console.csproj", "{F7CDFB43-EDEC-4C22-9049-DF980320C1D4}"
EndProject
Project("{FAE04EC0-301F-11D3-BF4B-00C04F79EFBC}") = "KomodoClaim_Tests", "KomodoClaim_Tests\KomodoClaim_Tests.csproj", "{3C6B4865-9A29-4762-BF50-96188B9B50E7}"
EndProject
Global
	GlobalSection(SolutionConfigurationPlatforms) = preSolution
		Debug|Any CPU = Debug|Any CPU
		Release|Any CPU = Release|Any CPU
	EndGlobalSection
	GlobalSection(ProjectConfigurationPlatforms) = postSolution
		{0C784928-2FBB-4427-ACD9-0D49EDAD7B5A}.Debug|Any CPU.ActiveCfg = Debug|Any CPU
		{0C784928-2FBB-4427-ACD9-0D49EDAD7B5A}.Debug|Any CPU.Build.0 = Debug|Any CPU
		{0C784928-2FBB-4427-ACD9-0D49EDAD7B5A}.Release|Any CPU.ActiveCfg = Release|Any CPU
		{0C784928-2FBB-4427-ACD9-0D49EDAD7B5A}.Release|Any CPU.Build.0 = Release|Any CPU
		{B25CDD75-928A-4964-9661-F5FC3D5EB416}.Debug|Any CPU.ActiveCfg = Debug|Any CPU
		{B25CDD75-928A-4964-9661-F5FC3D5EB416}.Debug|Any CPU.Build.0 = Debug|Any CPU
		{B25CDD75-928A-4964-9661-F5FC3D5EB416}.Release|Any CPU.ActiveCfg = Release|Any CPU
		{B25CDD75-928A-4964-9661-F5FC3D5EB416}.Release|Any CPU.Build.0 = Release|Any CPU
		{7349479F-CEE9-4805-8FF5-6EE2FB26E205}.Debug|Any CPU.ActiveCfg = Debug|Any CPU
		{7349479F-CEE9-4805-8FF5-6EE2FB26E205}.Debug|Any CPU.Build.0 = Debug|Any CPU
		{7349479F-CEE9-4805-8FF5-6EE2FB26E205}.Release|Any CPU.ActiveCfg = Release|Any CPU
		{7349479F-CEE9-4805-8FF5-6EE2FB26E205}.Release|Any CPU.Build.0 = Release|Any CPU
		{9011F0C5-4952-45F6-8822-8AD25D6C8909}.Debug|Any CPU.ActiveCfg = Debug|Any CPU
		{9011F0C5-4952-45F6-8822-8AD25D6C8909}.Debug|Any CPU.Build.0 = Debug|Any CPU
		{9011F0C5-4952-45F6-8822-8AD25D6C8909}.Release|Any CPU.ActiveCfg = Release|Any CPU
		{9011F0C5-4952-45F6-8822-8AD25D6C8909}.Release|Any CPU.Build.0 = Release|Any CPU
		{A5529EC4-0671-42EF-86FC-FB149903C9CD}.Debug|Any CPU.ActiveCfg = Debug|Any CPU
		{A5529EC4-0671-42EF-86FC-FB149903C9CD}.Debug|Any CPU.Build.0 = Debug|Any CPU
		{A5529EC4-0671-42EF-86FC-FB149903C9CD}.Release|Any CPU.ActiveCfg = Release|Any CPU
		{A5529EC4-0671-42EF-86FC-FB149903C9CD}.Release|Any CPU.Build.0 = Release|Any CPU
		{B1690E9F-A452-44EF-AA0F-CA19CE0D6324}.Debug|Any CPU.ActiveCfg = Debug|Any CPU
		{B1690E9F-A452-44EF-AA0F-CA19CE0D6324}.Debug|Any CPU.Build.0 = Debug|Any CPU
		{B1690E9F-A452-44EF-AA0F-CA19CE0D6324}.Release|Any CPU.ActiveCfg = Release|Any CPU
		{B1690E9F-A452-44EF-AA0F-CA19CE0D6324}.Release|Any CPU.Build.0 = Release|Any CPU
		{EA1D8EA8-2C04-48C0-A337-3CCB519F601D}.Debug|Any CPU.ActiveCfg = Debug|Any CPU
		{EA1D8EA8-2C04-48C0-A337-3CCB519F601D}.Debug|Any CPU.Build.0 = Debug|Any CPU
		{EA1D8EA8-2C04-48C0-A337-3CCB519F601D}.Release|Any CPU.ActiveCfg = Release|Any CPU
		{EA1D8EA8-2C04-48C0-A337-3CCB519F601D}.Release|Any CPU.Build.0 = Release|Any CPU
		{F7CDFB43-EDEC-4C22-9049-DF980320C1D4}.Debug|Any CPU.ActiveCfg = Debug|Any CPU
		{F7CDFB43-EDEC-4C22-9049-DF980320C1D4}.Debug|Any CPU.Build.0 = Debug|Any CPU
		{F7CDFB43-EDEC-4C22-9049-DF980320C1D4}.Release|Any CPU.ActiveCfg = Release|Any CPU
		{F7CDFB43-EDEC-4C22-9049-DF980320C1D4}.Release|Any CPU.Build.0 = Release|Any CPU
		{3C6B4865-9A29-4762-BF50-96188B9B50E7}.Debug|Any CPU.ActiveCfg = Debug|Any CPU
		{3C6B4865-9A29-4762-BF50-96188B9B50E7}.Debug|Any CPU.Build.0 = Debug|Any CPU
		{3C6B4865-9A29-4762-BF50-96188B9B50E7}.Release|Any CPU.ActiveCfg = Release|Any CPU
		{3C6B4865-9A29-4762-BF50-96188B9B50E7}.Release|Any CPU.Build.0 = Release|Any CPU
	EndGlobalSection
	GlobalSection(SolutionProperties) = preSolution
		HideSolutionNode = FALSE
	EndGlobalSection
	GlobalSection(NestedProjects) = preSolution
		{0C784928-2FBB-4427-ACD9-0D49EDAD7B5A} = {CFBD8586-52E9-4A87-B215-F33D4FACFDDD}
		{B25CDD75-928A-4964-9661-F5FC3D5EB416} = {CFBD8586-52E9-4A87-B215-F33D4FACFDDD}
		{7349479F-CEE9-4805-8FF5-6EE2FB26E205} = {CFBD8586-52E9-4A87-B215-F33D4FACFDDD}
		{9011F0C5-4952-45F6-8822-8AD25D6C8909} = {BF96AF71-17F2-48D9-AE76-9F724A4F6A6C}
		{A5529EC4-0671-42EF-86FC-FB149903C9CD} = {BF96AF71-17F2-48D9-AE76-9F724A4F6A6C}
		{B1690E9F-A452-44EF-AA0F-CA19CE0D6324} = {BF96AF71-17F2-48D9-AE76-9F724A4F6A6C}
		{EA1D8EA8-2C04-48C0-A337-3CCB519F601D} = {F15E9388-E8B8-4CD4-A969-221E50DA7C0D}
		{F7CDFB43-EDEC-4C22-9049-DF980320C1D4} = {F15E9388-E8B8-4CD4-A969-221E50DA7C0D}
		{3C6B4865-9A29-4762-BF50-96188B9B50E7} = {F15E9388-E8B8-4CD4-A969-221E50DA7C0D}
	EndGlobalSection
	GlobalSection(ExtensibilityGlobals) = postSolution
		SolutionGuid = {229CB4BA-7144-4B82-9162-2A0196B3CC9E}
	EndGlobalSection
EndGlobal
